
Microsoft Visual Studio Solution File, Format Version 12.00
# Visual Studio Version 17
VisualStudioVersion = 17.4.33213.308
MinimumVisualStudioVersion = 10.0.40219.1
Project("{FAE04EC0-301F-11D3-BF4B-00C04F79EFBC}") = "presentacion", "presentacion\presentacion.csproj", "{1A49734D-5E42-48F0-BEBA-C48DC28EEDE9}"
EndProject
Project("{FAE04EC0-301F-11D3-BF4B-00C04F79EFBC}") = "dominio", "dominio\dominio.csproj", "{30ECD1E6-6047-4224-9894-7F99D8A9E185}"
EndProject
Project("{FAE04EC0-301F-11D3-BF4B-00C04F79EFBC}") = "negocio", "negocio\negocio.csproj", "{ADF1CCE6-E57C-4EF6-A28C-7CE4860C3249}"
EndProject
Global
	GlobalSection(SolutionConfigurationPlatforms) = preSolution
		Debug|Any CPU = Debug|Any CPU
		Release|Any CPU = Release|Any CPU
	EndGlobalSection
	GlobalSection(ProjectConfigurationPlatforms) = postSolution
		{1A49734D-5E42-48F0-BEBA-C48DC28EEDE9}.Debug|Any CPU.ActiveCfg = Debug|Any CPU
		{1A49734D-5E42-48F0-BEBA-C48DC28EEDE9}.Debug|Any CPU.Build.0 = Debug|Any CPU
		{1A49734D-5E42-48F0-BEBA-C48DC28EEDE9}.Release|Any CPU.ActiveCfg = Release|Any CPU
		{1A49734D-5E42-48F0-BEBA-C48DC28EEDE9}.Release|Any CPU.Build.0 = Release|Any CPU
		{30ECD1E6-6047-4224-9894-7F99D8A9E185}.Debug|Any CPU.ActiveCfg = Debug|Any CPU
		{30ECD1E6-6047-4224-9894-7F99D8A9E185}.Debug|Any CPU.Build.0 = Debug|Any CPU
		{30ECD1E6-6047-4224-9894-7F99D8A9E185}.Release|Any CPU.ActiveCfg = Release|Any CPU
		{30ECD1E6-6047-4224-9894-7F99D8A9E185}.Release|Any CPU.Build.0 = Release|Any CPU
		{ADF1CCE6-E57C-4EF6-A28C-7CE4860C3249}.Debug|Any CPU.ActiveCfg = Debug|Any CPU
		{ADF1CCE6-E57C-4EF6-A28C-7CE4860C3249}.Debug|Any CPU.Build.0 = Debug|Any CPU
		{ADF1CCE6-E57C-4EF6-A28C-7CE4860C3249}.Release|Any CPU.ActiveCfg = Release|Any CPU
		{ADF1CCE6-E57C-4EF6-A28C-7CE4860C3249}.Release|Any CPU.Build.0 = Release|Any CPU
	EndGlobalSection
	GlobalSection(SolutionProperties) = preSolution
		HideSolutionNode = FALSE
	EndGlobalSection
	GlobalSection(ExtensibilityGlobals) = postSolution
		SolutionGuid = {BCCD313A-2FB1-47AE-ADA5-2EDE8D697C53}
	EndGlobalSection
EndGlobal
